
Microsoft Visual Studio Solution File, Format Version 12.00
Project("{FAE04EC0-301F-11D3-BF4B-00C04F79EFBC}") = "ZBenjaminUtilities", "ZBenjaminUtilities\ZBenjaminUtilities.csproj", "{BE799AF7-F338-44EB-911B-74395F5EA741}"
EndProject
Project("{FAE04EC0-301F-11D3-BF4B-00C04F79EFBC}") = "Test", "Test\Test.csproj", "{664374FA-3214-433D-BD2F-7BAAAF83292B}"
EndProject
Global
	GlobalSection(SolutionConfigurationPlatforms) = preSolution
		Debug|Any CPU = Debug|Any CPU
		Release|Any CPU = Release|Any CPU
	EndGlobalSection
	GlobalSection(ProjectConfigurationPlatforms) = postSolution
		{BE799AF7-F338-44EB-911B-74395F5EA741}.Debug|Any CPU.ActiveCfg = Debug|Any CPU
		{BE799AF7-F338-44EB-911B-74395F5EA741}.Debug|Any CPU.Build.0 = Debug|Any CPU
		{BE799AF7-F338-44EB-911B-74395F5EA741}.Release|Any CPU.ActiveCfg = Release|Any CPU
		{BE799AF7-F338-44EB-911B-74395F5EA741}.Release|Any CPU.Build.0 = Release|Any CPU
		{664374FA-3214-433D-BD2F-7BAAAF83292B}.Debug|Any CPU.ActiveCfg = Debug|Any CPU
		{664374FA-3214-433D-BD2F-7BAAAF83292B}.Debug|Any CPU.Build.0 = Debug|Any CPU
		{664374FA-3214-433D-BD2F-7BAAAF83292B}.Release|Any CPU.ActiveCfg = Release|Any CPU
		{664374FA-3214-433D-BD2F-7BAAAF83292B}.Release|Any CPU.Build.0 = Release|Any CPU
	EndGlobalSection
EndGlobal
